
Microsoft Visual Studio Solution File, Format Version 12.00
# Visual Studio Version 17
VisualStudioVersion = 17.8.34525.116
MinimumVisualStudioVersion = 10.0.40219.1
Project("{9A19103F-16F7-4668-BE54-9A1E7A4F7556}") = "RetroInventory.Api", "RetroInventoryApi\RetroInventory.Api.csproj", "{5939E5D9-98BD-423C-B5FD-54DDDCE528EA}"
EndProject
Project("{9A19103F-16F7-4668-BE54-9A1E7A4F7556}") = "RetroInventoryApi.Test", "RetroInventoryApi.Test\RetroInventoryApi.Test.csproj", "{079B18AB-0878-4DBF-921F-8FDB532C81AE}"
EndProject
Project("{9A19103F-16F7-4668-BE54-9A1E7A4F7556}") = "RetroInventory.Web", "RetroInventory.Web\RetroInventory.Web\RetroInventory.Web.csproj", "{CA1D7F1A-8B7E-4C32-AA49-1551ABFF3659}"
EndProject
Project("{9A19103F-16F7-4668-BE54-9A1E7A4F7556}") = "RetroInventory.Web.Client", "RetroInventory.Web\RetroInventory.Web.Client\RetroInventory.Web.Client.csproj", "{8098C380-F60E-4121-80EF-74126CC3B1C8}"
EndProject
Global
	GlobalSection(SolutionConfigurationPlatforms) = preSolution
		Debug|Any CPU = Debug|Any CPU
		Release|Any CPU = Release|Any CPU
	EndGlobalSection
	GlobalSection(ProjectConfigurationPlatforms) = postSolution
		{5939E5D9-98BD-423C-B5FD-54DDDCE528EA}.Debug|Any CPU.ActiveCfg = Debug|Any CPU
		{5939E5D9-98BD-423C-B5FD-54DDDCE528EA}.Debug|Any CPU.Build.0 = Debug|Any CPU
		{5939E5D9-98BD-423C-B5FD-54DDDCE528EA}.Release|Any CPU.ActiveCfg = Release|Any CPU
		{5939E5D9-98BD-423C-B5FD-54DDDCE528EA}.Release|Any CPU.Build.0 = Release|Any CPU
		{079B18AB-0878-4DBF-921F-8FDB532C81AE}.Debug|Any CPU.ActiveCfg = Debug|Any CPU
		{079B18AB-0878-4DBF-921F-8FDB532C81AE}.Debug|Any CPU.Build.0 = Debug|Any CPU
		{079B18AB-0878-4DBF-921F-8FDB532C81AE}.Release|Any CPU.ActiveCfg = Release|Any CPU
		{079B18AB-0878-4DBF-921F-8FDB532C81AE}.Release|Any CPU.Build.0 = Release|Any CPU
		{CA1D7F1A-8B7E-4C32-AA49-1551ABFF3659}.Debug|Any CPU.ActiveCfg = Debug|Any CPU
		{CA1D7F1A-8B7E-4C32-AA49-1551ABFF3659}.Debug|Any CPU.Build.0 = Debug|Any CPU
		{CA1D7F1A-8B7E-4C32-AA49-1551ABFF3659}.Release|Any CPU.ActiveCfg = Release|Any CPU
		{CA1D7F1A-8B7E-4C32-AA49-1551ABFF3659}.Release|Any CPU.Build.0 = Release|Any CPU
		{8098C380-F60E-4121-80EF-74126CC3B1C8}.Debug|Any CPU.ActiveCfg = Debug|Any CPU
		{8098C380-F60E-4121-80EF-74126CC3B1C8}.Debug|Any CPU.Build.0 = Debug|Any CPU
		{8098C380-F60E-4121-80EF-74126CC3B1C8}.Release|Any CPU.ActiveCfg = Release|Any CPU
		{8098C380-F60E-4121-80EF-74126CC3B1C8}.Release|Any CPU.Build.0 = Release|Any CPU
	EndGlobalSection
	GlobalSection(SolutionProperties) = preSolution
		HideSolutionNode = FALSE
	EndGlobalSection
	GlobalSection(ExtensibilityGlobals) = postSolution
		SolutionGuid = {EEE98BB7-9C31-4BA0-A899-D6ABBCF7757C}
	EndGlobalSection
EndGlobal
